
Microsoft Visual Studio Solution File, Format Version 12.00
# Visual Studio Version 16
VisualStudioVersion = 16.0.29326.143
MinimumVisualStudioVersion = 10.0.40219.1
Project("{888888A0-9F3D-457C-B088-3A5042F75D52}") = "IntroToPython", "IntroToPython.pyproj", "{709D6FD3-0FA6-4E6C-B23A-EC0C9CFF5695}"
EndProject
Global
	GlobalSection(SolutionConfigurationPlatforms) = preSolution
		Debug|Any CPU = Debug|Any CPU
		Release|Any CPU = Release|Any CPU
	EndGlobalSection
	GlobalSection(ProjectConfigurationPlatforms) = postSolution
		{709D6FD3-0FA6-4E6C-B23A-EC0C9CFF5695}.Debug|Any CPU.ActiveCfg = Debug|Any CPU
		{709D6FD3-0FA6-4E6C-B23A-EC0C9CFF5695}.Release|Any CPU.ActiveCfg = Release|Any CPU
	EndGlobalSection
	GlobalSection(SolutionProperties) = preSolution
		HideSolutionNode = FALSE
	EndGlobalSection
	GlobalSection(ExtensibilityGlobals) = postSolution
		SolutionGuid = {9A5D7B30-316E-404F-9445-AC5BE71CD696}
	EndGlobalSection
EndGlobal
